
Microsoft Visual Studio Solution File, Format Version 12.00
# Visual Studio 15
VisualStudioVersion = 15.0.28307.757
MinimumVisualStudioVersion = 10.0.40219.1
Project("{FAE04EC0-301F-11D3-BF4B-00C04F79EFBC}") = "Wave Analyser", "Wave Analyser\Wave Analyser.csproj", "{21F01D4B-5705-46C8-9D8A-1937B25990E4}"
EndProject
Project("{2150E333-8FDC-42A3-9474-1A3956D46DE8}") = "Solution Items", "Solution Items", "{C49E08B9-2C50-45FE-BB1A-CE9CB07E6DED}"
EndProject
Project("{8BC9CEB8-8B4A-11D0-8D11-00A0C91BC942}") = "RecordingLibrary", "Assignment3Library\Assignment3Library\Assignment3Library.vcxproj", "{BCD31244-8484-41C1-8437-407B28A343CC}"
EndProject
Global
	GlobalSection(SolutionConfigurationPlatforms) = preSolution
		Debug|Any CPU = Debug|Any CPU
		Debug|x64 = Debug|x64
		Debug|x86 = Debug|x86
		Release|Any CPU = Release|Any CPU
		Release|x64 = Release|x64
		Release|x86 = Release|x86
	EndGlobalSection
	GlobalSection(ProjectConfigurationPlatforms) = postSolution
		{21F01D4B-5705-46C8-9D8A-1937B25990E4}.Debug|Any CPU.ActiveCfg = Debug|Any CPU
		{21F01D4B-5705-46C8-9D8A-1937B25990E4}.Debug|Any CPU.Build.0 = Debug|Any CPU
		{21F01D4B-5705-46C8-9D8A-1937B25990E4}.Debug|x64.ActiveCfg = Debug|Any CPU
		{21F01D4B-5705-46C8-9D8A-1937B25990E4}.Debug|x64.Build.0 = Debug|Any CPU
		{21F01D4B-5705-46C8-9D8A-1937B25990E4}.Debug|x86.ActiveCfg = Debug|Any CPU
		{21F01D4B-5705-46C8-9D8A-1937B25990E4}.Debug|x86.Build.0 = Debug|Any CPU
		{21F01D4B-5705-46C8-9D8A-1937B25990E4}.Release|Any CPU.ActiveCfg = Release|Any CPU
		{21F01D4B-5705-46C8-9D8A-1937B25990E4}.Release|Any CPU.Build.0 = Release|Any CPU
		{21F01D4B-5705-46C8-9D8A-1937B25990E4}.Release|x64.ActiveCfg = Release|Any CPU
		{21F01D4B-5705-46C8-9D8A-1937B25990E4}.Release|x64.Build.0 = Release|Any CPU
		{21F01D4B-5705-46C8-9D8A-1937B25990E4}.Release|x86.ActiveCfg = Release|Any CPU
		{21F01D4B-5705-46C8-9D8A-1937B25990E4}.Release|x86.Build.0 = Release|Any CPU
		{BCD31244-8484-41C1-8437-407B28A343CC}.Debug|Any CPU.ActiveCfg = Debug|Win32
		{BCD31244-8484-41C1-8437-407B28A343CC}.Debug|Any CPU.Build.0 = Debug|Win32
		{BCD31244-8484-41C1-8437-407B28A343CC}.Debug|x64.ActiveCfg = Debug|x64
		{BCD31244-8484-41C1-8437-407B28A343CC}.Debug|x64.Build.0 = Debug|x64
		{BCD31244-8484-41C1-8437-407B28A343CC}.Debug|x86.ActiveCfg = Debug|Win32
		{BCD31244-8484-41C1-8437-407B28A343CC}.Debug|x86.Build.0 = Debug|Win32
		{BCD31244-8484-41C1-8437-407B28A343CC}.Release|Any CPU.ActiveCfg = Release|Win32
		{BCD31244-8484-41C1-8437-407B28A343CC}.Release|Any CPU.Build.0 = Release|Win32
		{BCD31244-8484-41C1-8437-407B28A343CC}.Release|x64.ActiveCfg = Release|x64
		{BCD31244-8484-41C1-8437-407B28A343CC}.Release|x64.Build.0 = Release|x64
		{BCD31244-8484-41C1-8437-407B28A343CC}.Release|x86.ActiveCfg = Release|Win32
		{BCD31244-8484-41C1-8437-407B28A343CC}.Release|x86.Build.0 = Release|Win32
	EndGlobalSection
	GlobalSection(SolutionProperties) = preSolution
		HideSolutionNode = FALSE
	EndGlobalSection
	GlobalSection(ExtensibilityGlobals) = postSolution
		SolutionGuid = {A033BC32-2D7A-4E98-94F9-E929D5AA3A9E}
	EndGlobalSection
EndGlobal
